
Microsoft Visual Studio Solution File, Format Version 12.00
# Visual Studio Version 16
VisualStudioVersion = 16.0.29519.181
MinimumVisualStudioVersion = 10.0.40219.1
Project("{888888A0-9F3D-457C-B088-3A5042F75D52}") = "Mooc_video", "Mooc_video.pyproj", "{3785FFD3-0FBB-486C-8344-119F7396D8F8}"
EndProject
Global
	GlobalSection(SolutionConfigurationPlatforms) = preSolution
		Debug|Any CPU = Debug|Any CPU
		Release|Any CPU = Release|Any CPU
	EndGlobalSection
	GlobalSection(ProjectConfigurationPlatforms) = postSolution
		{3785FFD3-0FBB-486C-8344-119F7396D8F8}.Debug|Any CPU.ActiveCfg = Debug|Any CPU
		{3785FFD3-0FBB-486C-8344-119F7396D8F8}.Debug|Any CPU.Build.0 = Debug|Any CPU
		{3785FFD3-0FBB-486C-8344-119F7396D8F8}.Release|Any CPU.ActiveCfg = Release|Any CPU
		{3785FFD3-0FBB-486C-8344-119F7396D8F8}.Release|Any CPU.Build.0 = Release|Any CPU
	EndGlobalSection
	GlobalSection(SolutionProperties) = preSolution
		HideSolutionNode = FALSE
	EndGlobalSection
	GlobalSection(ExtensibilityGlobals) = postSolution
		SolutionGuid = {EACCEB78-8547-4AA2-A45F-436C0E39DA27}
	EndGlobalSection
EndGlobal
